
Microsoft Visual Studio Solution File, Format Version 12.00
# Visual Studio Version 17
VisualStudioVersion = 17.1.32210.238
MinimumVisualStudioVersion = 10.0.40219.1
Project("{FAE04EC0-301F-11D3-BF4B-00C04F79EFBC}") = "PixQrCodeGeneratorOffline.Android", "PixQrCodeGeneratorOffline\PixQrCodeGeneratorOffline.Android\PixQrCodeGeneratorOffline.Android.csproj", "{2927887D-F349-4103-9F7B-06A59CDA4EAE}"
EndProject
Project("{FAE04EC0-301F-11D3-BF4B-00C04F79EFBC}") = "PixQrCodeGeneratorOffline.iOS", "PixQrCodeGeneratorOffline\PixQrCodeGeneratorOffline.iOS\PixQrCodeGeneratorOffline.iOS.csproj", "{8F1F9E59-F232-489E-870F-6FA67BC4A659}"
EndProject
Project("{9A19103F-16F7-4668-BE54-9A1E7A4F7556}") = "PixQrCodeGeneratorOffline", "PixQrCodeGeneratorOffline\PixQrCodeGeneratorOffline\PixQrCodeGeneratorOffline.csproj", "{2F81D7E9-AF86-48DE-90B5-B5E6C5DF14D2}"
EndProject
Global
	GlobalSection(SolutionConfigurationPlatforms) = preSolution
		Debug|Any CPU = Debug|Any CPU
		Debug|iPhone = Debug|iPhone
		Debug|iPhoneSimulator = Debug|iPhoneSimulator
		Release|Any CPU = Release|Any CPU
		Release|iPhone = Release|iPhone
		Release|iPhoneSimulator = Release|iPhoneSimulator
	EndGlobalSection
	GlobalSection(ProjectConfigurationPlatforms) = postSolution
		{2927887D-F349-4103-9F7B-06A59CDA4EAE}.Debug|Any CPU.ActiveCfg = Debug|Any CPU
		{2927887D-F349-4103-9F7B-06A59CDA4EAE}.Debug|Any CPU.Build.0 = Debug|Any CPU
		{2927887D-F349-4103-9F7B-06A59CDA4EAE}.Debug|Any CPU.Deploy.0 = Debug|Any CPU
		{2927887D-F349-4103-9F7B-06A59CDA4EAE}.Debug|iPhone.ActiveCfg = Debug|Any CPU
		{2927887D-F349-4103-9F7B-06A59CDA4EAE}.Debug|iPhone.Build.0 = Debug|Any CPU
		{2927887D-F349-4103-9F7B-06A59CDA4EAE}.Debug|iPhone.Deploy.0 = Debug|Any CPU
		{2927887D-F349-4103-9F7B-06A59CDA4EAE}.Debug|iPhoneSimulator.ActiveCfg = Debug|Any CPU
		{2927887D-F349-4103-9F7B-06A59CDA4EAE}.Debug|iPhoneSimulator.Build.0 = Debug|Any CPU
		{2927887D-F349-4103-9F7B-06A59CDA4EAE}.Debug|iPhoneSimulator.Deploy.0 = Debug|Any CPU
		{2927887D-F349-4103-9F7B-06A59CDA4EAE}.Release|Any CPU.ActiveCfg = Release|Any CPU
		{2927887D-F349-4103-9F7B-06A59CDA4EAE}.Release|Any CPU.Build.0 = Release|Any CPU
		{2927887D-F349-4103-9F7B-06A59CDA4EAE}.Release|Any CPU.Deploy.0 = Release|Any CPU
		{2927887D-F349-4103-9F7B-06A59CDA4EAE}.Release|iPhone.ActiveCfg = Release|Any CPU
		{2927887D-F349-4103-9F7B-06A59CDA4EAE}.Release|iPhone.Build.0 = Release|Any CPU
		{2927887D-F349-4103-9F7B-06A59CDA4EAE}.Release|iPhone.Deploy.0 = Release|Any CPU
		{2927887D-F349-4103-9F7B-06A59CDA4EAE}.Release|iPhoneSimulator.ActiveCfg = Release|Any CPU
		{2927887D-F349-4103-9F7B-06A59CDA4EAE}.Release|iPhoneSimulator.Build.0 = Release|Any CPU
		{2927887D-F349-4103-9F7B-06A59CDA4EAE}.Release|iPhoneSimulator.Deploy.0 = Release|Any CPU
		{8F1F9E59-F232-489E-870F-6FA67BC4A659}.Debug|Any CPU.ActiveCfg = Debug|iPhone
		{8F1F9E59-F232-489E-870F-6FA67BC4A659}.Debug|Any CPU.Build.0 = Debug|iPhone
		{8F1F9E59-F232-489E-870F-6FA67BC4A659}.Debug|Any CPU.Deploy.0 = Debug|iPhone
		{8F1F9E59-F232-489E-870F-6FA67BC4A659}.Debug|iPhone.ActiveCfg = Debug|iPhone
		{8F1F9E59-F232-489E-870F-6FA67BC4A659}.Debug|iPhone.Build.0 = Debug|iPhone
		{8F1F9E59-F232-489E-870F-6FA67BC4A659}.Debug|iPhone.Deploy.0 = Debug|iPhone
		{8F1F9E59-F232-489E-870F-6FA67BC4A659}.Debug|iPhoneSimulator.ActiveCfg = Debug|iPhoneSimulator
		{8F1F9E59-F232-489E-870F-6FA67BC4A659}.Debug|iPhoneSimulator.Build.0 = Debug|iPhoneSimulator
		{8F1F9E59-F232-489E-870F-6FA67BC4A659}.Debug|iPhoneSimulator.Deploy.0 = Debug|iPhoneSimulator
		{8F1F9E59-F232-489E-870F-6FA67BC4A659}.Release|Any CPU.ActiveCfg = Release|iPhoneSimulator
		{8F1F9E59-F232-489E-870F-6FA67BC4A659}.Release|Any CPU.Build.0 = Release|iPhoneSimulator
		{8F1F9E59-F232-489E-870F-6FA67BC4A659}.Release|Any CPU.Deploy.0 = Release|iPhoneSimulator
		{8F1F9E59-F232-489E-870F-6FA67BC4A659}.Release|iPhone.ActiveCfg = Release|iPhone
		{8F1F9E59-F232-489E-870F-6FA67BC4A659}.Release|iPhone.Build.0 = Release|iPhone
		{8F1F9E59-F232-489E-870F-6FA67BC4A659}.Release|iPhone.Deploy.0 = Release|iPhone
		{8F1F9E59-F232-489E-870F-6FA67BC4A659}.Release|iPhoneSimulator.ActiveCfg = Release|iPhoneSimulator
		{8F1F9E59-F232-489E-870F-6FA67BC4A659}.Release|iPhoneSimulator.Build.0 = Release|iPhoneSimulator
		{8F1F9E59-F232-489E-870F-6FA67BC4A659}.Release|iPhoneSimulator.Deploy.0 = Release|iPhoneSimulator
		{2F81D7E9-AF86-48DE-90B5-B5E6C5DF14D2}.Debug|Any CPU.ActiveCfg = Debug|Any CPU
		{2F81D7E9-AF86-48DE-90B5-B5E6C5DF14D2}.Debug|Any CPU.Build.0 = Debug|Any CPU
		{2F81D7E9-AF86-48DE-90B5-B5E6C5DF14D2}.Debug|Any CPU.Deploy.0 = Debug|Any CPU
		{2F81D7E9-AF86-48DE-90B5-B5E6C5DF14D2}.Debug|iPhone.ActiveCfg = Debug|Any CPU
		{2F81D7E9-AF86-48DE-90B5-B5E6C5DF14D2}.Debug|iPhone.Build.0 = Debug|Any CPU
		{2F81D7E9-AF86-48DE-90B5-B5E6C5DF14D2}.Debug|iPhone.Deploy.0 = Debug|Any CPU
		{2F81D7E9-AF86-48DE-90B5-B5E6C5DF14D2}.Debug|iPhoneSimulator.ActiveCfg = Debug|Any CPU
		{2F81D7E9-AF86-48DE-90B5-B5E6C5DF14D2}.Debug|iPhoneSimulator.Build.0 = Debug|Any CPU
		{2F81D7E9-AF86-48DE-90B5-B5E6C5DF14D2}.Debug|iPhoneSimulator.Deploy.0 = Debug|Any CPU
		{2F81D7E9-AF86-48DE-90B5-B5E6C5DF14D2}.Release|Any CPU.ActiveCfg = Release|Any CPU
		{2F81D7E9-AF86-48DE-90B5-B5E6C5DF14D2}.Release|Any CPU.Build.0 = Release|Any CPU
		{2F81D7E9-AF86-48DE-90B5-B5E6C5DF14D2}.Release|Any CPU.Deploy.0 = Release|Any CPU
		{2F81D7E9-AF86-48DE-90B5-B5E6C5DF14D2}.Release|iPhone.ActiveCfg = Release|Any CPU
		{2F81D7E9-AF86-48DE-90B5-B5E6C5DF14D2}.Release|iPhone.Build.0 = Release|Any CPU
		{2F81D7E9-AF86-48DE-90B5-B5E6C5DF14D2}.Release|iPhone.Deploy.0 = Release|Any CPU
		{2F81D7E9-AF86-48DE-90B5-B5E6C5DF14D2}.Release|iPhoneSimulator.ActiveCfg = Release|Any CPU
		{2F81D7E9-AF86-48DE-90B5-B5E6C5DF14D2}.Release|iPhoneSimulator.Build.0 = Release|Any CPU
		{2F81D7E9-AF86-48DE-90B5-B5E6C5DF14D2}.Release|iPhoneSimulator.Deploy.0 = Release|Any CPU
	EndGlobalSection
	GlobalSection(SolutionProperties) = preSolution
		HideSolutionNode = FALSE
	EndGlobalSection
	GlobalSection(ExtensibilityGlobals) = postSolution
		SolutionGuid = {BA856106-6B4C-4514-AB43-7ED3A6E22B5F}
	EndGlobalSection
EndGlobal
